// !$*UTF8*$!
{
	archiveVersion = 1;
	classes = {
	};
	objectVersion = 46;
	objects = {

/* Begin PBXBuildFile section */
		140BDDC11C09BC4A00995A7F /* Day49_snapkit_part3.swift in Sources */ = {isa = PBXBuildFile; fileRef = 140BDDC01C09BC4A00995A7F /* Day49_snapkit_part3.swift */; };
		141CC26D1C32EC5100F8CB07 /* Day22_MakingBulkChangesToAnArray.swift in Sources */ = {isa = PBXBuildFile; fileRef = 141CC26C1C32EC5100F8CB07 /* Day22_MakingBulkChangesToAnArray.swift */; };
		141F64B81C3FFEBC00AD5FEB /* Day11_BeginAndEndOfDayExtension.swift in Sources */ = {isa = PBXBuildFile; fileRef = 141F64B71C3FFEBC00AD5FEB /* Day11_BeginAndEndOfDayExtension.swift */; };
		14386DC31C2DA4A40023334A /* Day25_TypeAlias.swift in Sources */ = {isa = PBXBuildFile; fileRef = 14386DC21C2DA4A40023334A /* Day25_TypeAlias.swift */; };
		144B3F4F1BBF801C002B1C27 /* Day97_custom_extension.swift in Sources */ = {isa = PBXBuildFile; fileRef = 144B3F4E1BBF801C002B1C27 /* Day97_custom_extension.swift */; };
		1463509F1C29ABEA0008373C /* Day27_Comments.swift in Sources */ = {isa = PBXBuildFile; fileRef = 1463509E1C29ABEA0008373C /* Day27_Comments.swift */; };
		1468E90D1C1349ED003C0077 /* SafariViewController.swift in Sources */ = {isa = PBXBuildFile; fileRef = 1468E90C1C1349ED003C0077 /* SafariViewController.swift */; };
		146F6B381BCA9773006ACC30 /* Day93_tuples.swift in Sources */ = {isa = PBXBuildFile; fileRef = 146F6B371BCA9773006ACC30 /* Day93_tuples.swift */; };
		147F400D1C23089200358063 /* Day32_AFNetworking.swift in Sources */ = {isa = PBXBuildFile; fileRef = 147F400C1C23089200358063 /* Day32_AFNetworking.swift */; };
		147F8A771C08BBC500FC1184 /* Day50_snapkit_part2.swift in Sources */ = {isa = PBXBuildFile; fileRef = 147F8A761C08BBC500FC1184 /* Day50_snapkit_part2.swift */; };
		14892C5C1C1DD7D0006BA636 /* Day36_SSKeychain.swift in Sources */ = {isa = PBXBuildFile; fileRef = 14892C5B1C1DD7D0006BA636 /* Day36_SSKeychain.swift */; };
		148B11791BC189FB001127AD /* Day96_closures.swift in Sources */ = {isa = PBXBuildFile; fileRef = 148B11781BC189FB001127AD /* Day96_closures.swift */; };
		14A467171BB8676400EA2A12 /* AppDelegate.swift in Sources */ = {isa = PBXBuildFile; fileRef = 14A467161BB8676400EA2A12 /* AppDelegate.swift */; };
		14A467191BB8676400EA2A12 /* ViewController.swift in Sources */ = {isa = PBXBuildFile; fileRef = 14A467181BB8676400EA2A12 /* ViewController.swift */; };
		14A4671C1BB8676400EA2A12 /* Main.storyboard in Resources */ = {isa = PBXBuildFile; fileRef = 14A4671A1BB8676400EA2A12 /* Main.storyboard */; };
		14A4671E1BB8676400EA2A12 /* Assets.xcassets in Resources */ = {isa = PBXBuildFile; fileRef = 14A4671D1BB8676400EA2A12 /* Assets.xcassets */; };
		14A467211BB8676400EA2A12 /* LaunchScreen.storyboard in Resources */ = {isa = PBXBuildFile; fileRef = 14A4671F1BB8676400EA2A12 /* LaunchScreen.storyboard */; };
		14A4672C1BB8676400EA2A12 /* swift101Tests.swift in Sources */ = {isa = PBXBuildFile; fileRef = 14A4672B1BB8676400EA2A12 /* swift101Tests.swift */; };
		14A467371BB8676400EA2A12 /* swift101UITests.swift in Sources */ = {isa = PBXBuildFile; fileRef = 14A467361BB8676400EA2A12 /* swift101UITests.swift */; };
		14A467481BB8697800EA2A12 /* Day101_reduce_extension.swift in Sources */ = {isa = PBXBuildFile; fileRef = 14A467471BB8697800EA2A12 /* Day101_reduce_extension.swift */; };
		14CAE3A91BBDB29900ED6A26 /* Day98_singleton_pattern.swift in Sources */ = {isa = PBXBuildFile; fileRef = 14CAE3A81BBDB29900ED6A26 /* Day98_singleton_pattern.swift */; };
		14CE27B61C3016EA00249832 /* Day23_CaseOfTheString.swift in Sources */ = {isa = PBXBuildFile; fileRef = 14CE27B51C3016EA00249832 /* Day23_CaseOfTheString.swift */; };
		14CF0A091BB9A7CA00AAA350 /* Day100_object_template_pattern.swift in Sources */ = {isa = PBXBuildFile; fileRef = 14CF0A081BB9A7CA00AAA350 /* Day100_object_template_pattern.swift */; };
		14CFDFF91C2B13420045C6B7 /* Day26_CheckString_Prefix_Suffix.swift in Sources */ = {isa = PBXBuildFile; fileRef = 14CFDFF81C2B13420045C6B7 /* Day26_CheckString_Prefix_Suffix.swift */; };
		14D07A4A1BC4426E00821625 /* Day95_enumerations.swift in Sources */ = {isa = PBXBuildFile; fileRef = 14D07A491BC4426E00821625 /* Day95_enumerations.swift */; };
		14DC16271C41683400EE7773 /* Day10_GenericCollection_Set.swift in Sources */ = {isa = PBXBuildFile; fileRef = 14DC16261C41683400EE7773 /* Day10_GenericCollection_Set.swift */; };
		14E926EE1C1DDA33007F004C /* Security.framework in Frameworks */ = {isa = PBXBuildFile; fileRef = 14E926ED1C1DDA33007F004C /* Security.framework */; };
		14F2D5821BC8249700E1D6CF /* Day94_optional_chaining.swift in Sources */ = {isa = PBXBuildFile; fileRef = 14F2D5811BC8249700E1D6CF /* Day94_optional_chaining.swift */; };
		14F6F51F1BBC5C9400BD7AFC /* Day99_prototype_pattern.swift in Sources */ = {isa = PBXBuildFile; fileRef = 14F6F51E1BBC5C9400BD7AFC /* Day99_prototype_pattern.swift */; };
		14FEE8641C3EB60F00788DB9 /* Day12_CheckContainString.swift in Sources */ = {isa = PBXBuildFile; fileRef = 14FEE8631C3EB60F00788DB9 /* Day12_CheckContainString.swift */; };
		1CD4502EBFE6FE72DE199AFE /* Pods_swift101.framework in Frameworks */ = {isa = PBXBuildFile; fileRef = F0F64E38975E53634CE344E1 /* Pods_swift101.framework */; };
		980B46391C0EA6050030A4AF /* Day46_Extension.swift in Sources */ = {isa = PBXBuildFile; fileRef = 980B46381C0EA6050030A4AF /* Day46_Extension.swift */; };
/* End PBXBuildFile section */

/* Begin PBXContainerItemProxy section */
		14A467281BB8676400EA2A12 /* PBXContainerItemProxy */ = {
			isa = PBXContainerItemProxy;
			containerPortal = 14A4670B1BB8676400EA2A12 /* Project object */;
			proxyType = 1;
			remoteGlobalIDString = 14A467121BB8676400EA2A12;
			remoteInfo = swift101;
		};
		14A467331BB8676400EA2A12 /* PBXContainerItemProxy */ = {
			isa = PBXContainerItemProxy;
			containerPortal = 14A4670B1BB8676400EA2A12 /* Project object */;
			proxyType = 1;
			remoteGlobalIDString = 14A467121BB8676400EA2A12;
			remoteInfo = swift101;
		};
/* End PBXContainerItemProxy section */

/* Begin PBXFileReference section */
		140BDDC01C09BC4A00995A7F /* Day49_snapkit_part3.swift */ = {isa = PBXFileReference; fileEncoding = 4; lastKnownFileType = sourcecode.swift; path = Day49_snapkit_part3.swift; sourceTree = "<group>"; };
		141CC26C1C32EC5100F8CB07 /* Day22_MakingBulkChangesToAnArray.swift */ = {isa = PBXFileReference; fileEncoding = 4; lastKnownFileType = sourcecode.swift; path = Day22_MakingBulkChangesToAnArray.swift; sourceTree = "<group>"; };
		141F64B71C3FFEBC00AD5FEB /* Day11_BeginAndEndOfDayExtension.swift */ = {isa = PBXFileReference; fileEncoding = 4; lastKnownFileType = sourcecode.swift; path = Day11_BeginAndEndOfDayExtension.swift; sourceTree = "<group>"; };
		14386DC21C2DA4A40023334A /* Day25_TypeAlias.swift */ = {isa = PBXFileReference; fileEncoding = 4; lastKnownFileType = sourcecode.swift; path = Day25_TypeAlias.swift; sourceTree = "<group>"; };
		144B3F4E1BBF801C002B1C27 /* Day97_custom_extension.swift */ = {isa = PBXFileReference; fileEncoding = 4; lastKnownFileType = sourcecode.swift; path = Day97_custom_extension.swift; sourceTree = "<group>"; };
		1463509E1C29ABEA0008373C /* Day27_Comments.swift */ = {isa = PBXFileReference; fileEncoding = 4; lastKnownFileType = sourcecode.swift; path = Day27_Comments.swift; sourceTree = "<group>"; };
		1468E90C1C1349ED003C0077 /* SafariViewController.swift */ = {isa = PBXFileReference; fileEncoding = 4; lastKnownFileType = sourcecode.swift; path = SafariViewController.swift; sourceTree = "<group>"; };
		146F6B371BCA9773006ACC30 /* Day93_tuples.swift */ = {isa = PBXFileReference; fileEncoding = 4; lastKnownFileType = sourcecode.swift; path = Day93_tuples.swift; sourceTree = "<group>"; };
		147F400C1C23089200358063 /* Day32_AFNetworking.swift */ = {isa = PBXFileReference; fileEncoding = 4; lastKnownFileType = sourcecode.swift; path = Day32_AFNetworking.swift; sourceTree = "<group>"; };
		147F8A761C08BBC500FC1184 /* Day50_snapkit_part2.swift */ = {isa = PBXFileReference; fileEncoding = 4; lastKnownFileType = sourcecode.swift; path = Day50_snapkit_part2.swift; sourceTree = "<group>"; };
		14892C5B1C1DD7D0006BA636 /* Day36_SSKeychain.swift */ = {isa = PBXFileReference; fileEncoding = 4; lastKnownFileType = sourcecode.swift; path = Day36_SSKeychain.swift; sourceTree = "<group>"; };
		14892C5D1C1DD8E3006BA636 /* swift101-Bridging-Header.h */ = {isa = PBXFileReference; lastKnownFileType = sourcecode.c.h; path = "swift101-Bridging-Header.h"; sourceTree = "<group>"; };
		148B11781BC189FB001127AD /* Day96_closures.swift */ = {isa = PBXFileReference; fileEncoding = 4; lastKnownFileType = sourcecode.swift; path = Day96_closures.swift; sourceTree = "<group>"; };
		14A467131BB8676400EA2A12 /* swift101.app */ = {isa = PBXFileReference; explicitFileType = wrapper.application; includeInIndex = 0; path = swift101.app; sourceTree = BUILT_PRODUCTS_DIR; };
		14A467161BB8676400EA2A12 /* AppDelegate.swift */ = {isa = PBXFileReference; lastKnownFileType = sourcecode.swift; path = AppDelegate.swift; sourceTree = "<group>"; };
		14A467181BB8676400EA2A12 /* ViewController.swift */ = {isa = PBXFileReference; lastKnownFileType = sourcecode.swift; path = ViewController.swift; sourceTree = "<group>"; };
		14A4671B1BB8676400EA2A12 /* Base */ = {isa = PBXFileReference; lastKnownFileType = file.storyboard; name = Base; path = Base.lproj/Main.storyboard; sourceTree = "<group>"; };
		14A4671D1BB8676400EA2A12 /* Assets.xcassets */ = {isa = PBXFileReference; lastKnownFileType = folder.assetcatalog; path = Assets.xcassets; sourceTree = "<group>"; };
		14A467201BB8676400EA2A12 /* Base */ = {isa = PBXFileReference; lastKnownFileType = file.storyboard; name = Base; path = Base.lproj/LaunchScreen.storyboard; sourceTree = "<group>"; };
		14A467221BB8676400EA2A12 /* Info.plist */ = {isa = PBXFileReference; lastKnownFileType = text.plist.xml; path = Info.plist; sourceTree = "<group>"; };
		14A467271BB8676400EA2A12 /* swift101Tests.xctest */ = {isa = PBXFileReference; explicitFileType = wrapper.cfbundle; includeInIndex = 0; path = swift101Tests.xctest; sourceTree = BUILT_PRODUCTS_DIR; };
		14A4672B1BB8676400EA2A12 /* swift101Tests.swift */ = {isa = PBXFileReference; lastKnownFileType = sourcecode.swift; path = swift101Tests.swift; sourceTree = "<group>"; };
		14A4672D1BB8676400EA2A12 /* Info.plist */ = {isa = PBXFileReference; lastKnownFileType = text.plist.xml; path = Info.plist; sourceTree = "<group>"; };
		14A467321BB8676400EA2A12 /* swift101UITests.xctest */ = {isa = PBXFileReference; explicitFileType = wrapper.cfbundle; includeInIndex = 0; path = swift101UITests.xctest; sourceTree = BUILT_PRODUCTS_DIR; };
		14A467361BB8676400EA2A12 /* swift101UITests.swift */ = {isa = PBXFileReference; lastKnownFileType = sourcecode.swift; path = swift101UITests.swift; sourceTree = "<group>"; };
		14A467381BB8676400EA2A12 /* Info.plist */ = {isa = PBXFileReference; lastKnownFileType = text.plist.xml; path = Info.plist; sourceTree = "<group>"; };
		14A467471BB8697800EA2A12 /* Day101_reduce_extension.swift */ = {isa = PBXFileReference; fileEncoding = 4; lastKnownFileType = sourcecode.swift; path = Day101_reduce_extension.swift; sourceTree = "<group>"; };
		14CAE3A81BBDB29900ED6A26 /* Day98_singleton_pattern.swift */ = {isa = PBXFileReference; fileEncoding = 4; lastKnownFileType = sourcecode.swift; path = Day98_singleton_pattern.swift; sourceTree = "<group>"; };
		14CE27B51C3016EA00249832 /* Day23_CaseOfTheString.swift */ = {isa = PBXFileReference; fileEncoding = 4; lastKnownFileType = sourcecode.swift; path = Day23_CaseOfTheString.swift; sourceTree = "<group>"; };
		14CF0A081BB9A7CA00AAA350 /* Day100_object_template_pattern.swift */ = {isa = PBXFileReference; fileEncoding = 4; lastKnownFileType = sourcecode.swift; path = Day100_object_template_pattern.swift; sourceTree = "<group>"; };
		14CFDFF81C2B13420045C6B7 /* Day26_CheckString_Prefix_Suffix.swift */ = {isa = PBXFileReference; fileEncoding = 4; lastKnownFileType = sourcecode.swift; path = Day26_CheckString_Prefix_Suffix.swift; sourceTree = "<group>"; };
		14D07A491BC4426E00821625 /* Day95_enumerations.swift */ = {isa = PBXFileReference; fileEncoding = 4; lastKnownFileType = sourcecode.swift; path = Day95_enumerations.swift; sourceTree = "<group>"; };
		14DC16261C41683400EE7773 /* Day10_GenericCollection_Set.swift */ = {isa = PBXFileReference; fileEncoding = 4; lastKnownFileType = sourcecode.swift; path = Day10_GenericCollection_Set.swift; sourceTree = "<group>"; };
		14E926ED1C1DDA33007F004C /* Security.framework */ = {isa = PBXFileReference; lastKnownFileType = wrapper.framework; name = Security.framework; path = System/Library/Frameworks/Security.framework; sourceTree = SDKROOT; };
		14F2D5811BC8249700E1D6CF /* Day94_optional_chaining.swift */ = {isa = PBXFileReference; fileEncoding = 4; lastKnownFileType = sourcecode.swift; path = Day94_optional_chaining.swift; sourceTree = "<group>"; };
		14F6F51E1BBC5C9400BD7AFC /* Day99_prototype_pattern.swift */ = {isa = PBXFileReference; fileEncoding = 4; lastKnownFileType = sourcecode.swift; path = Day99_prototype_pattern.swift; sourceTree = "<group>"; };
		14FEE8631C3EB60F00788DB9 /* Day12_CheckContainString.swift */ = {isa = PBXFileReference; fileEncoding = 4; lastKnownFileType = sourcecode.swift; path = Day12_CheckContainString.swift; sourceTree = "<group>"; };
		867B4FAF32A1C35C9F3A2686 /* Pods-swift101.release.xcconfig */ = {isa = PBXFileReference; includeInIndex = 1; lastKnownFileType = text.xcconfig; name = "Pods-swift101.release.xcconfig"; path = "Pods/Target Support Files/Pods-swift101/Pods-swift101.release.xcconfig"; sourceTree = "<group>"; };
		980B46381C0EA6050030A4AF /* Day46_Extension.swift */ = {isa = PBXFileReference; fileEncoding = 4; lastKnownFileType = sourcecode.swift; path = Day46_Extension.swift; sourceTree = "<group>"; };
		AB9DAD876A18FA3260B52ECC /* Pods-swift101.debug.xcconfig */ = {isa = PBXFileReference; includeInIndex = 1; lastKnownFileType = text.xcconfig; name = "Pods-swift101.debug.xcconfig"; path = "Pods/Target Support Files/Pods-swift101/Pods-swift101.debug.xcconfig"; sourceTree = "<group>"; };
		F0F64E38975E53634CE344E1 /* Pods_swift101.framework */ = {isa = PBXFileReference; explicitFileType = wrapper.framework; includeInIndex = 0; path = Pods_swift101.framework; sourceTree = BUILT_PRODUCTS_DIR; };
/* End PBXFileReference section */

/* Begin PBXFrameworksBuildPhase section */
		14A467101BB8676400EA2A12 /* Frameworks */ = {
			isa = PBXFrameworksBuildPhase;
			buildActionMask = 2147483647;
			files = (
				14E926EE1C1DDA33007F004C /* Security.framework in Frameworks */,
				1CD4502EBFE6FE72DE199AFE /* Pods_swift101.framework in Frameworks */,
			);
			runOnlyForDeploymentPostprocessing = 0;
		};
		14A467241BB8676400EA2A12 /* Frameworks */ = {
			isa = PBXFrameworksBuildPhase;
			buildActionMask = 2147483647;
			files = (
			);
			runOnlyForDeploymentPostprocessing = 0;
		};
		14A4672F1BB8676400EA2A12 /* Frameworks */ = {
			isa = PBXFrameworksBuildPhase;
			buildActionMask = 2147483647;
			files = (
			);
			runOnlyForDeploymentPostprocessing = 0;
		};
/* End PBXFrameworksBuildPhase section */

/* Begin PBXGroup section */
		14A4670A1BB8676400EA2A12 = {
			isa = PBXGroup;
			children = (
				14A467151BB8676400EA2A12 /* swift101 */,
				14A4672A1BB8676400EA2A12 /* swift101Tests */,
				14A467351BB8676400EA2A12 /* swift101UITests */,
				14A467141BB8676400EA2A12 /* Products */,
				730A046D42955624EECBFF4C /* Pods */,
				5C4C874D76E523D7F07BEE17 /* Frameworks */,
			);
			sourceTree = "<group>";
		};
		14A467141BB8676400EA2A12 /* Products */ = {
			isa = PBXGroup;
			children = (
				14A467131BB8676400EA2A12 /* swift101.app */,
				14A467271BB8676400EA2A12 /* swift101Tests.xctest */,
				14A467321BB8676400EA2A12 /* swift101UITests.xctest */,
			);
			name = Products;
			sourceTree = "<group>";
		};
		14A467151BB8676400EA2A12 /* swift101 */ = {
			isa = PBXGroup;
			children = (
				14A467451BB867CE00EA2A12 /* Appdelegate */,
				14A467441BB867BA00EA2A12 /* Storyboard */,
				14A467461BB867DB00EA2A12 /* Assets */,
				14A467181BB8676400EA2A12 /* ViewController.swift */,
				14DC16261C41683400EE7773 /* Day10_GenericCollection_Set.swift */,
				141F64B71C3FFEBC00AD5FEB /* Day11_BeginAndEndOfDayExtension.swift */,
				14FEE8631C3EB60F00788DB9 /* Day12_CheckContainString.swift */,
				141CC26C1C32EC5100F8CB07 /* Day22_MakingBulkChangesToAnArray.swift */,
				14CE27B51C3016EA00249832 /* Day23_CaseOfTheString.swift */,
				14386DC21C2DA4A40023334A /* Day25_TypeAlias.swift */,
				14CFDFF81C2B13420045C6B7 /* Day26_CheckString_Prefix_Suffix.swift */,
				1463509E1C29ABEA0008373C /* Day27_Comments.swift */,
				147F400C1C23089200358063 /* Day32_AFNetworking.swift */,
				14892C5B1C1DD7D0006BA636 /* Day36_SSKeychain.swift */,
				980B46381C0EA6050030A4AF /* Day46_Extension.swift */,
				147F8A761C08BBC500FC1184 /* Day50_snapkit_part2.swift */,
				140BDDC01C09BC4A00995A7F /* Day49_snapkit_part3.swift */,
				14A467471BB8697800EA2A12 /* Day101_reduce_extension.swift */,
				14CF0A081BB9A7CA00AAA350 /* Day100_object_template_pattern.swift */,
				14F6F51E1BBC5C9400BD7AFC /* Day99_prototype_pattern.swift */,
				14CAE3A81BBDB29900ED6A26 /* Day98_singleton_pattern.swift */,
				144B3F4E1BBF801C002B1C27 /* Day97_custom_extension.swift */,
				148B11781BC189FB001127AD /* Day96_closures.swift */,
				14D07A491BC4426E00821625 /* Day95_enumerations.swift */,
				14F2D5811BC8249700E1D6CF /* Day94_optional_chaining.swift */,
				146F6B371BCA9773006ACC30 /* Day93_tuples.swift */,
				1468E90C1C1349ED003C0077 /* SafariViewController.swift */,
				14892C5D1C1DD8E3006BA636 /* swift101-Bridging-Header.h */,
			);
			path = swift101;
			sourceTree = "<group>";
		};
		14A4672A1BB8676400EA2A12 /* swift101Tests */ = {
			isa = PBXGroup;
			children = (
				14A4672B1BB8676400EA2A12 /* swift101Tests.swift */,
				14A4672D1BB8676400EA2A12 /* Info.plist */,
			);
			path = swift101Tests;
			sourceTree = "<group>";
		};
		14A467351BB8676400EA2A12 /* swift101UITests */ = {
			isa = PBXGroup;
			children = (
				14A467361BB8676400EA2A12 /* swift101UITests.swift */,
				14A467381BB8676400EA2A12 /* Info.plist */,
			);
			path = swift101UITests;
			sourceTree = "<group>";
		};
		14A467441BB867BA00EA2A12 /* Storyboard */ = {
			isa = PBXGroup;
			children = (
				14A4671A1BB8676400EA2A12 /* Main.storyboard */,
				14A4671F1BB8676400EA2A12 /* LaunchScreen.storyboard */,
			);
			name = Storyboard;
			sourceTree = "<group>";
		};
		14A467451BB867CE00EA2A12 /* Appdelegate */ = {
			isa = PBXGroup;
			children = (
				14A467161BB8676400EA2A12 /* AppDelegate.swift */,
			);
			name = Appdelegate;
			sourceTree = "<group>";
		};
		14A467461BB867DB00EA2A12 /* Assets */ = {
			isa = PBXGroup;
			children = (
				14A4671D1BB8676400EA2A12 /* Assets.xcassets */,
				14A467221BB8676400EA2A12 /* Info.plist */,
			);
			name = Assets;
			sourceTree = "<group>";
		};
		5C4C874D76E523D7F07BEE17 /* Frameworks */ = {
			isa = PBXGroup;
			children = (
				14E926ED1C1DDA33007F004C /* Security.framework */,
				F0F64E38975E53634CE344E1 /* Pods_swift101.framework */,
			);
			name = Frameworks;
			sourceTree = "<group>";
		};
		730A046D42955624EECBFF4C /* Pods */ = {
			isa = PBXGroup;
			children = (
				AB9DAD876A18FA3260B52ECC /* Pods-swift101.debug.xcconfig */,
				867B4FAF32A1C35C9F3A2686 /* Pods-swift101.release.xcconfig */,
			);
			name = Pods;
			sourceTree = "<group>";
		};
/* End PBXGroup section */

/* Begin PBXNativeTarget section */
		14A467121BB8676400EA2A12 /* swift101 */ = {
			isa = PBXNativeTarget;
			buildConfigurationList = 14A4673B1BB8676400EA2A12 /* Build configuration list for PBXNativeTarget "swift101" */;
			buildPhases = (
				30823BFBD6AF4B5A4B995798 /* Check Pods Manifest.lock */,
				14A4670F1BB8676400EA2A12 /* Sources */,
				14A467101BB8676400EA2A12 /* Frameworks */,
				14A467111BB8676400EA2A12 /* Resources */,
				83DB0FC8BCF8965548A5EF79 /* Embed Pods Frameworks */,
				B6C54576D83025BB86BA1E44 /* Copy Pods Resources */,
			);
			buildRules = (
			);
			dependencies = (
			);
			name = swift101;
			productName = swift101;
			productReference = 14A467131BB8676400EA2A12 /* swift101.app */;
			productType = "com.apple.product-type.application";
		};
		14A467261BB8676400EA2A12 /* swift101Tests */ = {
			isa = PBXNativeTarget;
			buildConfigurationList = 14A4673E1BB8676400EA2A12 /* Build configuration list for PBXNativeTarget "swift101Tests" */;
			buildPhases = (
				14A467231BB8676400EA2A12 /* Sources */,
				14A467241BB8676400EA2A12 /* Frameworks */,
				14A467251BB8676400EA2A12 /* Resources */,
			);
			buildRules = (
			);
			dependencies = (
				14A467291BB8676400EA2A12 /* PBXTargetDependency */,
			);
			name = swift101Tests;
			productName = swift101Tests;
			productReference = 14A467271BB8676400EA2A12 /* swift101Tests.xctest */;
			productType = "com.apple.product-type.bundle.unit-test";
		};
		14A467311BB8676400EA2A12 /* swift101UITests */ = {
			isa = PBXNativeTarget;
			buildConfigurationList = 14A467411BB8676400EA2A12 /* Build configuration list for PBXNativeTarget "swift101UITests" */;
			buildPhases = (
				14A4672E1BB8676400EA2A12 /* Sources */,
				14A4672F1BB8676400EA2A12 /* Frameworks */,
				14A467301BB8676400EA2A12 /* Resources */,
			);
			buildRules = (
			);
			dependencies = (
				14A467341BB8676400EA2A12 /* PBXTargetDependency */,
			);
			name = swift101UITests;
			productName = swift101UITests;
			productReference = 14A467321BB8676400EA2A12 /* swift101UITests.xctest */;
			productType = "com.apple.product-type.bundle.ui-testing";
		};
/* End PBXNativeTarget section */

/* Begin PBXProject section */
		14A4670B1BB8676400EA2A12 /* Project object */ = {
			isa = PBXProject;
			attributes = {
				LastSwiftUpdateCheck = 0720;
				LastUpgradeCheck = 0700;
				ORGANIZATIONNAME = iGROOMGRiM;
				TargetAttributes = {
					14A467121BB8676400EA2A12 = {
						CreatedOnToolsVersion = 7.0;
					};
					14A467261BB8676400EA2A12 = {
						CreatedOnToolsVersion = 7.0;
						TestTargetID = 14A467121BB8676400EA2A12;
					};
					14A467311BB8676400EA2A12 = {
						CreatedOnToolsVersion = 7.0;
						TestTargetID = 14A467121BB8676400EA2A12;
					};
				};
			};
			buildConfigurationList = 14A4670E1BB8676400EA2A12 /* Build configuration list for PBXProject "swift101" */;
			compatibilityVersion = "Xcode 3.2";
			developmentRegion = English;
			hasScannedForEncodings = 0;
			knownRegions = (
				en,
				Base,
			);
			mainGroup = 14A4670A1BB8676400EA2A12;
			productRefGroup = 14A467141BB8676400EA2A12 /* Products */;
			projectDirPath = "";
			projectRoot = "";
			targets = (
				14A467121BB8676400EA2A12 /* swift101 */,
				14A467261BB8676400EA2A12 /* swift101Tests */,
				14A467311BB8676400EA2A12 /* swift101UITests */,
			);
		};
/* End PBXProject section */

/* Begin PBXResourcesBuildPhase section */
		14A467111BB8676400EA2A12 /* Resources */ = {
			isa = PBXResourcesBuildPhase;
			buildActionMask = 2147483647;
			files = (
				14A467211BB8676400EA2A12 /* LaunchScreen.storyboard in Resources */,
				14A4671E1BB8676400EA2A12 /* Assets.xcassets in Resources */,
				14A4671C1BB8676400EA2A12 /* Main.storyboard in Resources */,
			);
			runOnlyForDeploymentPostprocessing = 0;
		};
		14A467251BB8676400EA2A12 /* Resources */ = {
			isa = PBXResourcesBuildPhase;
			buildActionMask = 2147483647;
			files = (
			);
			runOnlyForDeploymentPostprocessing = 0;
		};
		14A467301BB8676400EA2A12 /* Resources */ = {
			isa = PBXResourcesBuildPhase;
			buildActionMask = 2147483647;
			files = (
			);
			runOnlyForDeploymentPostprocessing = 0;
		};
/* End PBXResourcesBuildPhase section */

/* Begin PBXShellScriptBuildPhase section */
		30823BFBD6AF4B5A4B995798 /* Check Pods Manifest.lock */ = {
			isa = PBXShellScriptBuildPhase;
			buildActionMask = 2147483647;
			files = (
			);
			inputPaths = (
			);
			name = "Check Pods Manifest.lock";
			outputPaths = (
			);
			runOnlyForDeploymentPostprocessing = 0;
			shellPath = /bin/sh;
			shellScript = "diff \"${PODS_ROOT}/../Podfile.lock\" \"${PODS_ROOT}/Manifest.lock\" > /dev/null\nif [[ $? != 0 ]] ; then\n    cat << EOM\nerror: The sandbox is not in sync with the Podfile.lock. Run 'pod install' or update your CocoaPods installation.\nEOM\n    exit 1\nfi\n";
			showEnvVarsInLog = 0;
		};
		83DB0FC8BCF8965548A5EF79 /* Embed Pods Frameworks */ = {
			isa = PBXShellScriptBuildPhase;
			buildActionMask = 2147483647;
			files = (
			);
			inputPaths = (
			);
			name = "Embed Pods Frameworks";
			outputPaths = (
			);
			runOnlyForDeploymentPostprocessing = 0;
			shellPath = /bin/sh;
			shellScript = "\"${SRCROOT}/Pods/Target Support Files/Pods-swift101/Pods-swift101-frameworks.sh\"\n";
			showEnvVarsInLog = 0;
		};
		B6C54576D83025BB86BA1E44 /* Copy Pods Resources */ = {
			isa = PBXShellScriptBuildPhase;
			buildActionMask = 2147483647;
			files = (
			);
			inputPaths = (
			);
			name = "Copy Pods Resources";
			outputPaths = (
			);
			runOnlyForDeploymentPostprocessing = 0;
			shellPath = /bin/sh;
			shellScript = "\"${SRCROOT}/Pods/Target Support Files/Pods-swift101/Pods-swift101-resources.sh\"\n";
			showEnvVarsInLog = 0;
		};
/* End PBXShellScriptBuildPhase section */

/* Begin PBXSourcesBuildPhase section */
		14A4670F1BB8676400EA2A12 /* Sources */ = {
			isa = PBXSourcesBuildPhase;
			buildActionMask = 2147483647;
			files = (
				147F400D1C23089200358063 /* Day32_AFNetworking.swift in Sources */,
				14F2D5821BC8249700E1D6CF /* Day94_optional_chaining.swift in Sources */,
				146F6B381BCA9773006ACC30 /* Day93_tuples.swift in Sources */,
				14CFDFF91C2B13420045C6B7 /* Day26_CheckString_Prefix_Suffix.swift in Sources */,
				14CF0A091BB9A7CA00AAA350 /* Day100_object_template_pattern.swift in Sources */,
				14A467191BB8676400EA2A12 /* ViewController.swift in Sources */,
				141F64B81C3FFEBC00AD5FEB /* Day11_BeginAndEndOfDayExtension.swift in Sources */,
				147F8A771C08BBC500FC1184 /* Day50_snapkit_part2.swift in Sources */,
				140BDDC11C09BC4A00995A7F /* Day49_snapkit_part3.swift in Sources */,
				14A467481BB8697800EA2A12 /* Day101_reduce_extension.swift in Sources */,
				141CC26D1C32EC5100F8CB07 /* Day22_MakingBulkChangesToAnArray.swift in Sources */,
				1468E90D1C1349ED003C0077 /* SafariViewController.swift in Sources */,
				148B11791BC189FB001127AD /* Day96_closures.swift in Sources */,
				14892C5C1C1DD7D0006BA636 /* Day36_SSKeychain.swift in Sources */,
				14A467171BB8676400EA2A12 /* AppDelegate.swift in Sources */,
				14CAE3A91BBDB29900ED6A26 /* Day98_singleton_pattern.swift in Sources */,
				980B46391C0EA6050030A4AF /* Day46_Extension.swift in Sources */,
				14F6F51F1BBC5C9400BD7AFC /* Day99_prototype_pattern.swift in Sources */,
				14386DC31C2DA4A40023334A /* Day25_TypeAlias.swift in Sources */,
				14D07A4A1BC4426E00821625 /* Day95_enumerations.swift in Sources */,
				144B3F4F1BBF801C002B1C27 /* Day97_custom_extension.swift in Sources */,
				14DC16271C41683400EE7773 /* Day10_GenericCollection_Set.swift in Sources */,
				14CE27B61C3016EA00249832 /* Day23_CaseOfTheString.swift in Sources */,
				1463509F1C29ABEA0008373C /* Day27_Comments.swift in Sources */,
				14FEE8641C3EB60F00788DB9 /* Day12_CheckContainString.swift in Sources */,
			);
			runOnlyForDeploymentPostprocessing = 0;
		};
		14A467231BB8676400EA2A12 /* Sources */ = {
			isa = PBXSourcesBuildPhase;
			buildActionMask = 2147483647;
			files = (
				14A4672C1BB8676400EA2A12 /* swift101Tests.swift in Sources */,
			);
			runOnlyForDeploymentPostprocessing = 0;
		};
		14A4672E1BB8676400EA2A12 /* Sources */ = {
			isa = PBXSourcesBuildPhase;
			buildActionMask = 2147483647;
			files = (
				14A467371BB8676400EA2A12 /* swift101UITests.swift in Sources */,
			);
			runOnlyForDeploymentPostprocessing = 0;
		};
/* End PBXSourcesBuildPhase section */

/* Begin PBXTargetDependency section */
		14A467291BB8676400EA2A12 /* PBXTargetDependency */ = {
			isa = PBXTargetDependency;
			target = 14A467121BB8676400EA2A12 /* swift101 */;
			targetProxy = 14A467281BB8676400EA2A12 /* PBXContainerItemProxy */;
		};
		14A467341BB8676400EA2A12 /* PBXTargetDependency */ = {
			isa = PBXTargetDependency;
			target = 14A467121BB8676400EA2A12 /* swift101 */;
			targetProxy = 14A467331BB8676400EA2A12 /* PBXContainerItemProxy */;
		};
/* End PBXTargetDependency section */

/* Begin PBXVariantGroup section */
		14A4671A1BB8676400EA2A12 /* Main.storyboard */ = {
			isa = PBXVariantGroup;
			children = (
				14A4671B1BB8676400EA2A12 /* Base */,
			);
			name = Main.storyboard;
			sourceTree = "<group>";
		};
		14A4671F1BB8676400EA2A12 /* LaunchScreen.storyboard */ = {
			isa = PBXVariantGroup;
			children = (
				14A467201BB8676400EA2A12 /* Base */,
			);
			name = LaunchScreen.storyboard;
			sourceTree = "<group>";
		};
/* End PBXVariantGroup section */

/* Begin XCBuildConfiguration section */
		14A467391BB8676400EA2A12 /* Debug */ = {
			isa = XCBuildConfiguration;
			buildSettings = {
				ALWAYS_SEARCH_USER_PATHS = NO;
				CLANG_CXX_LANGUAGE_STANDARD = "gnu++0x";
				CLANG_CXX_LIBRARY = "libc++";
				CLANG_ENABLE_MODULES = YES;
				CLANG_ENABLE_OBJC_ARC = YES;
				CLANG_WARN_BOOL_CONVERSION = YES;
				CLANG_WARN_CONSTANT_CONVERSION = YES;
				CLANG_WARN_DIRECT_OBJC_ISA_USAGE = YES_ERROR;
				CLANG_WARN_EMPTY_BODY = YES;
				CLANG_WARN_ENUM_CONVERSION = YES;
				CLANG_WARN_INT_CONVERSION = YES;
				CLANG_WARN_OBJC_ROOT_CLASS = YES_ERROR;
				CLANG_WARN_UNREACHABLE_CODE = YES;
				CLANG_WARN__DUPLICATE_METHOD_MATCH = YES;
				"CODE_SIGN_IDENTITY[sdk=iphoneos*]" = "iPhone Developer";
				COPY_PHASE_STRIP = NO;
				DEBUG_INFORMATION_FORMAT = dwarf;
				ENABLE_STRICT_OBJC_MSGSEND = YES;
				ENABLE_TESTABILITY = YES;
				GCC_C_LANGUAGE_STANDARD = gnu99;
				GCC_DYNAMIC_NO_PIC = NO;
				GCC_NO_COMMON_BLOCKS = YES;
				GCC_OPTIMIZATION_LEVEL = 0;
				GCC_PREPROCESSOR_DEFINITIONS = (
					"DEBUG=1",
					"$(inherited)",
				);
				GCC_WARN_64_TO_32_BIT_CONVERSION = YES;
				GCC_WARN_ABOUT_RETURN_TYPE = YES_ERROR;
				GCC_WARN_UNDECLARED_SELECTOR = YES;
				GCC_WARN_UNINITIALIZED_AUTOS = YES_AGGRESSIVE;
				GCC_WARN_UNUSED_FUNCTION = YES;
				GCC_WARN_UNUSED_VARIABLE = YES;
				IPHONEOS_DEPLOYMENT_TARGET = 9.0;
				MTL_ENABLE_DEBUG_INFO = YES;
				ONLY_ACTIVE_ARCH = YES;
				SDKROOT = iphoneos;
				SWIFT_OPTIMIZATION_LEVEL = "-Onone";
			};
			name = Debug;
		};
		14A4673A1BB8676400EA2A12 /* Release */ = {
			isa = XCBuildConfiguration;
			buildSettings = {
				ALWAYS_SEARCH_USER_PATHS = NO;
				CLANG_CXX_LANGUAGE_STANDARD = "gnu++0x";
				CLANG_CXX_LIBRARY = "libc++";
				CLANG_ENABLE_MODULES = YES;
				CLANG_ENABLE_OBJC_ARC = YES;
				CLANG_WARN_BOOL_CONVERSION = YES;
				CLANG_WARN_CONSTANT_CONVERSION = YES;
				CLANG_WARN_DIRECT_OBJC_ISA_USAGE = YES_ERROR;
				CLANG_WARN_EMPTY_BODY = YES;
				CLANG_WARN_ENUM_CONVERSION = YES;
				CLANG_WARN_INT_CONVERSION = YES;
				CLANG_WARN_OBJC_ROOT_CLASS = YES_ERROR;
				CLANG_WARN_UNREACHABLE_CODE = YES;
				CLANG_WARN__DUPLICATE_METHOD_MATCH = YES;
				"CODE_SIGN_IDENTITY[sdk=iphoneos*]" = "iPhone Developer";
				COPY_PHASE_STRIP = NO;
				DEBUG_INFORMATION_FORMAT = "dwarf-with-dsym";
				ENABLE_NS_ASSERTIONS = NO;
				ENABLE_STRICT_OBJC_MSGSEND = YES;
				GCC_C_LANGUAGE_STANDARD = gnu99;
				GCC_NO_COMMON_BLOCKS = YES;
				GCC_WARN_64_TO_32_BIT_CONVERSION = YES;
				GCC_WARN_ABOUT_RETURN_TYPE = YES_ERROR;
				GCC_WARN_UNDECLARED_SELECTOR = YES;
				GCC_WARN_UNINITIALIZED_AUTOS = YES_AGGRESSIVE;
				GCC_WARN_UNUSED_FUNCTION = YES;
				GCC_WARN_UNUSED_VARIABLE = YES;
				IPHONEOS_DEPLOYMENT_TARGET = 9.0;
				MTL_ENABLE_DEBUG_INFO = NO;
				SDKROOT = iphoneos;
				VALIDATE_PRODUCT = YES;
			};
			name = Release;
		};
		14A4673C1BB8676400EA2A12 /* Debug */ = {
			isa = XCBuildConfiguration;
			baseConfigurationReference = AB9DAD876A18FA3260B52ECC /* Pods-swift101.debug.xcconfig */;
			buildSettings = {
				ASSETCATALOG_COMPILER_APPICON_NAME = AppIcon;
				CLANG_ENABLE_MODULES = YES;
				INFOPLIST_FILE = swift101/Info.plist;
				LD_RUNPATH_SEARCH_PATHS = "$(inherited) @executable_path/Frameworks";
				PRODUCT_BUNDLE_IDENTIFIER = com.igroomgrim.swift101;
				PRODUCT_NAME = "$(TARGET_NAME)";
				SWIFT_OBJC_BRIDGING_HEADER = "swift101/swift101-Bridging-Header.h";
				SWIFT_OPTIMIZATION_LEVEL = "-Onone";
			};
			name = Debug;
		};
		14A4673D1BB8676400EA2A12 /* Release */ = {
			isa = XCBuildConfiguration;
			baseConfigurationReference = 867B4FAF32A1C35C9F3A2686 /* Pods-swift101.release.xcconfig */;
			buildSettings = {
				ASSETCATALOG_COMPILER_APPICON_NAME = AppIcon;
				CLANG_ENABLE_MODULES = YES;
				INFOPLIST_FILE = swift101/Info.plist;
				LD_RUNPATH_SEARCH_PATHS = "$(inherited) @executable_path/Frameworks";
				PRODUCT_BUNDLE_IDENTIFIER = com.igroomgrim.swift101;
				PRODUCT_NAME = "$(TARGET_NAME)";
				SWIFT_OBJC_BRIDGING_HEADER = "swift101/swift101-Bridging-Header.h";
			};
			name = Release;
		};
		14A4673F1BB8676400EA2A12 /* Debug */ = {
			isa = XCBuildConfiguration;
			buildSettings = {
				BUNDLE_LOADER = "$(TEST_HOST)";
				INFOPLIST_FILE = swift101Tests/Info.plist;
				LD_RUNPATH_SEARCH_PATHS = "$(inherited) @executable_path/Frameworks @loader_path/Frameworks";
				PRODUCT_BUNDLE_IDENTIFIER = com.igroomgrim.swift101Tests;
				PRODUCT_NAME = "$(TARGET_NAME)";
				TEST_HOST = "$(BUILT_PRODUCTS_DIR)/swift101.app/swift101";
			};
			name = Debug;
		};
		14A467401BB8676400EA2A12 /* Release */ = {
			isa = XCBuildConfiguration;
			buildSettings = {
				BUNDLE_LOADER = "$(TEST_HOST)";
				INFOPLIST_FILE = swift101Tests/Info.plist;
				LD_RUNPATH_SEARCH_PATHS = "$(inherited) @executable_path/Frameworks @loader_path/Frameworks";
				PRODUCT_BUNDLE_IDENTIFIER = com.igroomgrim.swift101Tests;
				PRODUCT_NAME = "$(TARGET_NAME)";
				TEST_HOST = "$(BUILT_PRODUCTS_DIR)/swift101.app/swift101";
			};
			name = Release;
		};
		14A467421BB8676400EA2A12 /* Debug */ = {
			isa = XCBuildConfiguration;
			buildSettings = {
				INFOPLIST_FILE = swift101UITests/Info.plist;
				LD_RUNPATH_SEARCH_PATHS = "$(inherited) @executable_path/Frameworks @loader_path/Frameworks";
				PRODUCT_BUNDLE_IDENTIFIER = com.igroomgrim.swift101UITests;
				PRODUCT_NAME = "$(TARGET_NAME)";
				TEST_TARGET_NAME = swift101;
				USES_XCTRUNNER = YES;
			};
			name = Debug;
		};
		14A467431BB8676400EA2A12 /* Release */ = {
			isa = XCBuildConfiguration;
			buildSettings = {
				INFOPLIST_FILE = swift101UITests/Info.plist;
				LD_RUNPATH_SEARCH_PATHS = "$(inherited) @executable_path/Frameworks @loader_path/Frameworks";
				PRODUCT_BUNDLE_IDENTIFIER = com.igroomgrim.swift101UITests;
				PRODUCT_NAME = "$(TARGET_NAME)";
				TEST_TARGET_NAME = swift101;
				USES_XCTRUNNER = YES;
			};
			name = Release;
		};
/* End XCBuildConfiguration section */

/* Begin XCConfigurationList section */
		14A4670E1BB8676400EA2A12 /* Build configuration list for PBXProject "swift101" */ = {
			isa = XCConfigurationList;
			buildConfigurations = (
				14A467391BB8676400EA2A12 /* Debug */,
				14A4673A1BB8676400EA2A12 /* Release */,
			);
			defaultConfigurationIsVisible = 0;
			defaultConfigurationName = Release;
		};
		14A4673B1BB8676400EA2A12 /* Build configuration list for PBXNativeTarget "swift101" */ = {
			isa = XCConfigurationList;
			buildConfigurations = (
				14A4673C1BB8676400EA2A12 /* Debug */,
				14A4673D1BB8676400EA2A12 /* Release */,
			);
			defaultConfigurationIsVisible = 0;
			defaultConfigurationName = Release;
		};
		14A4673E1BB8676400EA2A12 /* Build configuration list for PBXNativeTarget "swift101Tests" */ = {
			isa = XCConfigurationList;
			buildConfigurations = (
				14A4673F1BB8676400EA2A12 /* Debug */,
				14A467401BB8676400EA2A12 /* Release */,
			);
			defaultConfigurationIsVisible = 0;
			defaultConfigurationName = Release;
		};
		14A467411BB8676400EA2A12 /* Build configuration list for PBXNativeTarget "swift101UITests" */ = {
			isa = XCConfigurationList;
			buildConfigurations = (
				14A467421BB8676400EA2A12 /* Debug */,
				14A467431BB8676400EA2A12 /* Release */,
			);
			defaultConfigurationIsVisible = 0;
			defaultConfigurationName = Release;
		};
/* End XCConfigurationList section */
	};
	rootObject = 14A4670B1BB8676400EA2A12 /* Project object */;
}
